// !$*UTF8*$!
{
	archiveVersion = 1;
	classes = {
	};
	objectVersion = 46;
	objects = {

/* Begin PBXBuildFile section */
		E79415F61E5FEBCE004303A6 /* AppDelegate.swift in Sources */ = {isa = PBXBuildFile; fileRef = E79415F51E5FEBCE004303A6 /* AppDelegate.swift */; };
		E79415FB1E5FEBCE004303A6 /* Main.storyboard in Resources */ = {isa = PBXBuildFile; fileRef = E79415F91E5FEBCE004303A6 /* Main.storyboard */; };
		E79415FD1E5FEBCE004303A6 /* Assets.xcassets in Resources */ = {isa = PBXBuildFile; fileRef = E79415FC1E5FEBCE004303A6 /* Assets.xcassets */; };
		E79416001E5FEBCE004303A6 /* LaunchScreen.storyboard in Resources */ = {isa = PBXBuildFile; fileRef = E79415FE1E5FEBCE004303A6 /* LaunchScreen.storyboard */; };
		E79416081E5FF103004303A6 /* TableViewController.swift in Sources */ = {isa = PBXBuildFile; fileRef = E79416071E5FF103004303A6 /* TableViewController.swift */; };
		E794160A1E5FF158004303A6 /* AddViewController.swift in Sources */ = {isa = PBXBuildFile; fileRef = E79416091E5FF158004303A6 /* AddViewController.swift */; };
		E794160C1E5FF171004303A6 /* DetailViewController.swift in Sources */ = {isa = PBXBuildFile; fileRef = E794160B1E5FF171004303A6 /* DetailViewController.swift */; };
		E79416101E5FF3B1004303A6 /* cart.png in Resources */ = {isa = PBXBuildFile; fileRef = E794160D1E5FF3B1004303A6 /* cart.png */; };
		E79416111E5FF3B1004303A6 /* clock.png in Resources */ = {isa = PBXBuildFile; fileRef = E794160E1E5FF3B1004303A6 /* clock.png */; };
		E79416121E5FF3B1004303A6 /* pencil.png in Resources */ = {isa = PBXBuildFile; fileRef = E794160F1E5FF3B1004303A6 /* pencil.png */; };
		E79416141E60036A004303A6 /* README.md in Sources */ = {isa = PBXBuildFile; fileRef = E79416131E60036A004303A6 /* README.md */; };
/* End PBXBuildFile section */

/* Begin PBXFileReference section */
		E79415F21E5FEBCE004303A6 /* Table.app */ = {isa = PBXFileReference; explicitFileType = wrapper.application; includeInIndex = 0; path = Table.app; sourceTree = BUILT_PRODUCTS_DIR; };
		E79415F51E5FEBCE004303A6 /* AppDelegate.swift */ = {isa = PBXFileReference; lastKnownFileType = sourcecode.swift; path = AppDelegate.swift; sourceTree = "<group>"; };
		E79415FA1E5FEBCE004303A6 /* Base */ = {isa = PBXFileReference; lastKnownFileType = file.storyboard; name = Base; path = Base.lproj/Main.storyboard; sourceTree = "<group>"; };
		E79415FC1E5FEBCE004303A6 /* Assets.xcassets */ = {isa = PBXFileReference; lastKnownFileType = folder.assetcatalog; path = Assets.xcassets; sourceTree = "<group>"; };
		E79415FF1E5FEBCE004303A6 /* Base */ = {isa = PBXFileReference; lastKnownFileType = file.storyboard; name = Base; path = Base.lproj/LaunchScreen.storyboard; sourceTree = "<group>"; };
		E79416011E5FEBCE004303A6 /* Info.plist */ = {isa = PBXFileReference; lastKnownFileType = text.plist.xml; path = Info.plist; sourceTree = "<group>"; };
		E79416071E5FF103004303A6 /* TableViewController.swift */ = {isa = PBXFileReference; fileEncoding = 4; lastKnownFileType = sourcecode.swift; path = TableViewController.swift; sourceTree = "<group>"; };
		E79416091E5FF158004303A6 /* AddViewController.swift */ = {isa = PBXFileReference; fileEncoding = 4; lastKnownFileType = sourcecode.swift; path = AddViewController.swift; sourceTree = "<group>"; };
		E794160B1E5FF171004303A6 /* DetailViewController.swift */ = {isa = PBXFileReference; fileEncoding = 4; lastKnownFileType = sourcecode.swift; path = DetailViewController.swift; sourceTree = "<group>"; };
		E794160D1E5FF3B1004303A6 /* cart.png */ = {isa = PBXFileReference; lastKnownFileType = image.png; path = cart.png; sourceTree = "<group>"; };
		E794160E1E5FF3B1004303A6 /* clock.png */ = {isa = PBXFileReference; lastKnownFileType = image.png; path = clock.png; sourceTree = "<group>"; };
		E794160F1E5FF3B1004303A6 /* pencil.png */ = {isa = PBXFileReference; lastKnownFileType = image.png; path = pencil.png; sourceTree = "<group>"; };
		E79416131E60036A004303A6 /* README.md */ = {isa = PBXFileReference; fileEncoding = 4; lastKnownFileType = net.daringfireball.markdown; path = README.md; sourceTree = "<group>"; };
/* End PBXFileReference section */

/* Begin PBXFrameworksBuildPhase section */
		E79415EF1E5FEBCE004303A6 /* Frameworks */ = {
			isa = PBXFrameworksBuildPhase;
			buildActionMask = 2147483647;
			files = (
			);
			runOnlyForDeploymentPostprocessing = 0;
		};
/* End PBXFrameworksBuildPhase section */

/* Begin PBXGroup section */
		E79415E91E5FEBCE004303A6 = {
			isa = PBXGroup;
			children = (
				E79416131E60036A004303A6 /* README.md */,
				E79415F41E5FEBCE004303A6 /* Table */,
				E79415F31E5FEBCE004303A6 /* Products */,
			);
			sourceTree = "<group>";
		};
		E79415F31E5FEBCE004303A6 /* Products */ = {
			isa = PBXGroup;
			children = (
				E79415F21E5FEBCE004303A6 /* Table.app */,
			);
			name = Products;
			sourceTree = "<group>";
		};
		E79415F41E5FEBCE004303A6 /* Table */ = {
			isa = PBXGroup;
			children = (
				E794160D1E5FF3B1004303A6 /* cart.png */,
				E794160E1E5FF3B1004303A6 /* clock.png */,
				E794160F1E5FF3B1004303A6 /* pencil.png */,
				E79415F51E5FEBCE004303A6 /* AppDelegate.swift */,
				E79415F91E5FEBCE004303A6 /* Main.storyboard */,
				E79415FC1E5FEBCE004303A6 /* Assets.xcassets */,
				E79415FE1E5FEBCE004303A6 /* LaunchScreen.storyboard */,
				E79416011E5FEBCE004303A6 /* Info.plist */,
				E79416071E5FF103004303A6 /* TableViewController.swift */,
				E79416091E5FF158004303A6 /* AddViewController.swift */,
				E794160B1E5FF171004303A6 /* DetailViewController.swift */,
			);
			path = Table;
			sourceTree = "<group>";
		};
/* End PBXGroup section */

/* Begin PBXNativeTarget section */
		E79415F11E5FEBCE004303A6 /* Table */ = {
			isa = PBXNativeTarget;
			buildConfigurationList = E79416041E5FEBCE004303A6 /* Build configuration list for PBXNativeTarget "Table" */;
			buildPhases = (
				E79415EE1E5FEBCE004303A6 /* Sources */,
				E79415EF1E5FEBCE004303A6 /* Frameworks */,
				E79415F01E5FEBCE004303A6 /* Resources */,
			);
			buildRules = (
			);
			dependencies = (
			);
			name = Table;
			productName = Table;
			productReference = E79415F21E5FEBCE004303A6 /* Table.app */;
			productType = "com.apple.product-type.application";
		};
/* End PBXNativeTarget section */

/* Begin PBXProject section */
		E79415EA1E5FEBCE004303A6 /* Project object */ = {
			isa = PBXProject;
			attributes = {
				LastSwiftUpdateCheck = 0820;
				LastUpgradeCheck = 0820;
				ORGANIZATIONNAME = Lucia;
				TargetAttributes = {
					E79415F11E5FEBCE004303A6 = {
						CreatedOnToolsVersion = 8.2.1;
						DevelopmentTeam = 257L46BQB6;
						ProvisioningStyle = Automatic;
					};
				};
			};
			buildConfigurationList = E79415ED1E5FEBCE004303A6 /* Build configuration list for PBXProject "Table" */;
			compatibilityVersion = "Xcode 3.2";
			developmentRegion = English;
			hasScannedForEncodings = 0;
			knownRegions = (
				en,
				Base,
			);
			mainGroup = E79415E91E5FEBCE004303A6;
			productRefGroup = E79415F31E5FEBCE004303A6 /* Products */;
			projectDirPath = "";
			projectRoot = "";
			targets = (
				E79415F11E5FEBCE004303A6 /* Table */,
			);
		};
/* End PBXProject section */

/* Begin PBXResourcesBuildPhase section */
		E79415F01E5FEBCE004303A6 /* Resources */ = {
			isa = PBXResourcesBuildPhase;
			buildActionMask = 2147483647;
			files = (
				E79416121E5FF3B1004303A6 /* pencil.png in Resources */,
				E79416001E5FEBCE004303A6 /* LaunchScreen.storyboard in Resources */,
				E79416111E5FF3B1004303A6 /* clock.png in Resources */,
				E79416101E5FF3B1004303A6 /* cart.png in Resources */,
				E79415FD1E5FEBCE004303A6 /* Assets.xcassets in Resources */,
				E79415FB1E5FEBCE004303A6 /* Main.storyboard in Resources */,
			);
			runOnlyForDeploymentPostprocessing = 0;
		};
/* End PBXResourcesBuildPhase section */

/* Begin PBXSourcesBuildPhase section */
		E79415EE1E5FEBCE004303A6 /* Sources */ = {
			isa = PBXSourcesBuildPhase;
			buildActionMask = 2147483647;
			files = (
				E79415F61E5FEBCE004303A6 /* AppDelegate.swift in Sources */,
				E79416081E5FF103004303A6 /* TableViewController.swift in Sources */,
				E79416141E60036A004303A6 /* README.md in Sources */,
				E794160A1E5FF158004303A6 /* AddViewController.swift in Sources */,
				E794160C1E5FF171004303A6 /* DetailViewController.swift in Sources */,
			);
			runOnlyForDeploymentPostprocessing = 0;
		};
/* End PBXSourcesBuildPhase section */

/* Begin PBXVariantGroup section */
		E79415F91E5FEBCE004303A6 /* Main.storyboard */ = {
			isa = PBXVariantGroup;
			children = (
				E79415FA1E5FEBCE004303A6 /* Base */,
			);
			name = Main.storyboard;
			sourceTree = "<group>";
		};
		E79415FE1E5FEBCE004303A6 /* LaunchScreen.storyboard */ = {
			isa = PBXVariantGroup;
			children = (
				E79415FF1E5FEBCE004303A6 /* Base */,
			);
			name = LaunchScreen.storyboard;
			sourceTree = "<group>";
		};
/* End PBXVariantGroup section */

/* Begin XCBuildConfiguration section */
		E79416021E5FEBCE004303A6 /* Debug */ = {
			isa = XCBuildConfiguration;
			buildSettings = {
				ALWAYS_SEARCH_USER_PATHS = NO;
				CLANG_ANALYZER_NONNULL = YES;
				CLANG_CXX_LANGUAGE_STANDARD = "gnu++0x";
				CLANG_CXX_LIBRARY = "libc++";
				CLANG_ENABLE_MODULES = YES;
				CLANG_ENABLE_OBJC_ARC = YES;
				CLANG_WARN_BOOL_CONVERSION = YES;
				CLANG_WARN_CONSTANT_CONVERSION = YES;
				CLANG_WARN_DIRECT_OBJC_ISA_USAGE = YES_ERROR;
				CLANG_WARN_DOCUMENTATION_COMMENTS = YES;
				CLANG_WARN_EMPTY_BODY = YES;
				CLANG_WARN_ENUM_CONVERSION = YES;
				CLANG_WARN_INFINITE_RECURSION = YES;
				CLANG_WARN_INT_CONVERSION = YES;
				CLANG_WARN_OBJC_ROOT_CLASS = YES_ERROR;
				CLANG_WARN_SUSPICIOUS_MOVE = YES;
				CLANG_WARN_UNREACHABLE_CODE = YES;
				CLANG_WARN__DUPLICATE_METHOD_MATCH = YES;
				"CODE_SIGN_IDENTITY[sdk=iphoneos*]" = "iPhone Developer";
				COPY_PHASE_STRIP = NO;
				DEBUG_INFORMATION_FORMAT = dwarf;
				ENABLE_STRICT_OBJC_MSGSEND = YES;
				ENABLE_TESTABILITY = YES;
				GCC_C_LANGUAGE_STANDARD = gnu99;
				GCC_DYNAMIC_NO_PIC = NO;
				GCC_NO_COMMON_BLOCKS = YES;
				GCC_OPTIMIZATION_LEVEL = 0;
				GCC_PREPROCESSOR_DEFINITIONS = (
					"DEBUG=1",
					"$(inherited)",
				);
				GCC_WARN_64_TO_32_BIT_CONVERSION = YES;
				GCC_WARN_ABOUT_RETURN_TYPE = YES_ERROR;
				GCC_WARN_UNDECLARED_SELECTOR = YES;
				GCC_WARN_UNINITIALIZED_AUTOS = YES_AGGRESSIVE;
				GCC_WARN_UNUSED_FUNCTION = YES;
				GCC_WARN_UNUSED_VARIABLE = YES;
				IPHONEOS_DEPLOYMENT_TARGET = 10.2;
				MTL_ENABLE_DEBUG_INFO = YES;
				ONLY_ACTIVE_ARCH = YES;
				SDKROOT = iphoneos;
				SWIFT_ACTIVE_COMPILATION_CONDITIONS = DEBUG;
				SWIFT_OPTIMIZATION_LEVEL = "-Onone";
				TARGETED_DEVICE_FAMILY = "1,2";
			};
			name = Debug;
		};
		E79416031E5FEBCE004303A6 /* Release */ = {
			isa = XCBuildConfiguration;
			buildSettings = {
				ALWAYS_SEARCH_USER_PATHS = NO;
				CLANG_ANALYZER_NONNULL = YES;
				CLANG_CXX_LANGUAGE_STANDARD = "gnu++0x";
				CLANG_CXX_LIBRARY = "libc++";
				CLANG_ENABLE_MODULES = YES;
				CLANG_ENABLE_OBJC_ARC = YES;
				CLANG_WARN_BOOL_CONVERSION = YES;
				CLANG_WARN_CONSTANT_CONVERSION = YES;
				CLANG_WARN_DIRECT_OBJC_ISA_USAGE = YES_ERROR;
				CLANG_WARN_DOCUMENTATION_COMMENTS = YES;
				CLANG_WARN_EMPTY_BODY = YES;
				CLANG_WARN_ENUM_CONVERSION = YES;
				CLANG_WARN_INFINITE_RECURSION = YES;
				CLANG_WARN_INT_CONVERSION = YES;
				CLANG_WARN_OBJC_ROOT_CLASS = YES_ERROR;
				CLANG_WARN_SUSPICIOUS_MOVE = YES;
				CLANG_WARN_UNREACHABLE_CODE = YES;
				CLANG_WARN__DUPLICATE_METHOD_MATCH = YES;
				"CODE_SIGN_IDENTITY[sdk=iphoneos*]" = "iPhone Developer";
				COPY_PHASE_STRIP = NO;
				DEBUG_INFORMATION_FORMAT = "dwarf-with-dsym";
				ENABLE_NS_ASSERTIONS = NO;
				ENABLE_STRICT_OBJC_MSGSEND = YES;
				GCC_C_LANGUAGE_STANDARD = gnu99;
				GCC_NO_COMMON_BLOCKS = YES;
				GCC_WARN_64_TO_32_BIT_CONVERSION = YES;
				GCC_WARN_ABOUT_RETURN_TYPE = YES_ERROR;
				GCC_WARN_UNDECLARED_SELECTOR = YES;
				GCC_WARN_UNINITIALIZED_AUTOS = YES_AGGRESSIVE;
				GCC_WARN_UNUSED_FUNCTION = YES;
				GCC_WARN_UNUSED_VARIABLE = YES;
				IPHONEOS_DEPLOYMENT_TARGET = 10.2;
				MTL_ENABLE_DEBUG_INFO = NO;
				SDKROOT = iphoneos;
				SWIFT_OPTIMIZATION_LEVEL = "-Owholemodule";
				TARGETED_DEVICE_FAMILY = "1,2";
				VALIDATE_PRODUCT = YES;
			};
			name = Release;
		};
		E79416051E5FEBCE004303A6 /* Debug */ = {
			isa = XCBuildConfiguration;
			buildSettings = {
				ASSETCATALOG_COMPILER_APPICON_NAME = AppIcon;
				DEVELOPMENT_TEAM = 257L46BQB6;
				INFOPLIST_FILE = Table/Info.plist;
				LD_RUNPATH_SEARCH_PATHS = "$(inherited) @executable_path/Frameworks";
				PRODUCT_BUNDLE_IDENTIFIER = net.teemo.Table;
				PRODUCT_NAME = "$(TARGET_NAME)";
				SWIFT_VERSION = 3.0;
			};
			name = Debug;
		};
		E79416061E5FEBCE004303A6 /* Release */ = {
			isa = XCBuildConfiguration;
			buildSettings = {
				ASSETCATALOG_COMPILER_APPICON_NAME = AppIcon;
				DEVELOPMENT_TEAM = 257L46BQB6;
				INFOPLIST_FILE = Table/Info.plist;
				LD_RUNPATH_SEARCH_PATHS = "$(inherited) @executable_path/Frameworks";
				PRODUCT_BUNDLE_IDENTIFIER = net.teemo.Table;
				PRODUCT_NAME = "$(TARGET_NAME)";
				SWIFT_VERSION = 3.0;
			};
			name = Release;
		};
/* End XCBuildConfiguration section */

/* Begin XCConfigurationList section */
		E79415ED1E5FEBCE004303A6 /* Build configuration list for PBXProject "Table" */ = {
			isa = XCConfigurationList;
			buildConfigurations = (
				E79416021E5FEBCE004303A6 /* Debug */,
				E79416031E5FEBCE004303A6 /* Release */,
			);
			defaultConfigurationIsVisible = 0;
			defaultConfigurationName = Release;
		};
		E79416041E5FEBCE004303A6 /* Build configuration list for PBXNativeTarget "Table" */ = {
			isa = XCConfigurationList;
			buildConfigurations = (
				E79416051E5FEBCE004303A6 /* Debug */,
				E79416061E5FEBCE004303A6 /* Release */,
			);
			defaultConfigurationIsVisible = 0;
		};
/* End XCConfigurationList section */
	};
	rootObject = E79415EA1E5FEBCE004303A6 /* Project object */;
}
